<?xml version="1.0" encoding="utf-8"?>
<Project ToolsVersion="4.0" xmlns="http://schemas.microsoft.com/developer/msbuild/2003">
  <ItemGroup>
    <Filter Include="Source Files">
      <UniqueIdentifier>{4FC737F1-C7A5-4376-A066-2A32D752A2FF}</UniqueIdentifier>
      <Extensions>cpp;c;cc;cxx;c++;cppm;ixx;def;odl;idl;hpj;bat;asm;asmx</Extensions>
    </Filter>
    <Filter Include="Header Files">
      <UniqueIdentifier>{93995380-89BD-4b04-88EB-625FBE52EBFB}</UniqueIdentifier>
      <Extensions>h;hh;hpp;hxx;h++;hm;inl;inc;ipp;xsd</Extensions>
    </Filter>
    <Filter Include="Resource Files">
      <UniqueIdentifier>{67DA6AB6-F800-4c08-8B7A-83BB121AAD01}</UniqueIdentifier>
      <Extensions>rc;ico;cur;bmp;dlg;rc2;rct;bin;rgs;gif;jpg;jpeg;jpe;resx;tiff;tif;png;wav;mfcribbon-ms</Extensions>
    </Filter>
    <Filter Include="Header Files\Do Not Include">
      <UniqueIdentifier>{719788f0-9023-4516-99fd-c89cf8826025}</UniqueIdentifier>
    </Filter>
    <Filter Include="Header Files\Include">
      <UniqueIdentifier>{152ee039-98fc-4f46-829f-5e6ae65c78ce}</UniqueIdentifier>
    </Filter>
    <Filter Include="Source Files\Do Not Include">
      <UniqueIdentifier>{35f01f72-e867-46e0-b110-41a006c6d3d1}</UniqueIdentifier>
    </Filter>
    <Filter Include="Source Files\Include">
      <UniqueIdentifier>{6fc817f9-48a7-4795-b30d-d1aaee4457bd}</UniqueIdentifier>
    </Filter>
  </ItemGroup>
  <ItemGroup>
    <ClInclude Include="DoNotInclude\DNIData\Main\MainDNIframework.h">
      <Filter>Header Files</Filter>
    </ClInclude>
    <ClInclude Include="DoNotInclude\DNIData\Main\MainDNIpch.h">
      <Filter>Header Files</Filter>
    </ClInclude>
    <ClInclude Include="DoNotInclude\DNIData\Common\NamespaceAliasesInternal.h">
      <Filter>Header Files</Filter>
    </ClInclude>
    <ClInclude Include="DoNotInclude\ICode\Main\MainIframework.h">
      <Filter>Header Files</Filter>
    </ClInclude>
    <ClInclude Include="DoNotInclude\ICode\Main\MainIpch.h">
      <Filter>Header Files</Filter>
    </ClInclude>
    <ClInclude Include="DoNotInclude\DNIData\Main\MainInternal.h">
      <Filter>Header Files</Filter>
    </ClInclude>
    <ClInclude Include="Include\Main\Main.h">
      <Filter>Header Files</Filter>
    </ClInclude>
    <ClInclude Include="Include\Main\MainDef.h">
      <Filter>Header Files</Filter>
    </ClInclude>
    <ClInclude Include="Include\Main\MainInitializationData.h">
      <Filter>Header Files</Filter>
    </ClInclude>
    <ClInclude Include="Include\Common\VersionData.h">
      <Filter>Header Files</Filter>
    </ClInclude>
    <ClInclude Include="DoNotInclude\ICode\Common\CommonIframework.h">
      <Filter>Header Files</Filter>
    </ClInclude>
    <ClInclude Include="DoNotInclude\ICode\Common\CommonIpch.h">
      <Filter>Header Files</Filter>
    </ClInclude>
    <ClInclude Include="DoNotInclude\DNIData\Common\CommonDNIframework.h">
      <Filter>Header Files</Filter>
    </ClInclude>
    <ClInclude Include="DoNotInclude\DNIData\Common\CommonDNIpch.h">
      <Filter>Header Files</Filter>
    </ClInclude>
    <ClInclude Include="DoNotInclude\DNIData\Common\VersionDataInternal.h">
      <Filter>Header Files</Filter>
    </ClInclude>
    <ClInclude Include="Include\Common\EngineVersion.h">
      <Filter>Header Files</Filter>
    </ClInclude>
  </ItemGroup>
  <ItemGroup>
    <ClCompile Include="DoNotInclude\DNIData\Main\MainDNIpch.cpp">
      <Filter>Source Files</Filter>
    </ClCompile>
    <ClCompile Include="DoNotInclude\ICode\Main\Main.cpp">
      <Filter>Source Files</Filter>
    </ClCompile>
    <ClCompile Include="DoNotInclude\ICode\Main\MainInitializationData.cpp">
      <Filter>Source Files</Filter>
    </ClCompile>
    <ClCompile Include="DoNotInclude\ICode\Main\MainIpch.cpp">
      <Filter>Source Files</Filter>
    </ClCompile>
    <ClCompile Include="DoNotInclude\DNIData\Main\MainInternal.cpp">
      <Filter>Source Files</Filter>
    </ClCompile>
    <ClCompile Include="DoNotInclude\ICode\Common\CommonIpch.cpp">
      <Filter>Source Files</Filter>
    </ClCompile>
    <ClCompile Include="DoNotInclude\ICode\Common\VersionData.cpp">
      <Filter>Source Files</Filter>
    </ClCompile>
    <ClCompile Include="DoNotInclude\DNIData\Common\CommonDNIpch.cpp">
      <Filter>Source Files</Filter>
    </ClCompile>
    <ClCompile Include="DoNotInclude\DNIData\Common\VersionDataInternal.cpp">
      <Filter>Source Files</Filter>
    </ClCompile>
  </ItemGroup>
</Project>