<?xml version="1.0" encoding="utf-8"?>
<Project ToolsVersion="4.0" xmlns="http://schemas.microsoft.com/developer/msbuild/2003">
  <ItemGroup>
    <Filter Include="Source Files">
      <UniqueIdentifier>{4FC737F1-C7A5-4376-A066-2A32D752A2FF}</UniqueIdentifier>
      <Extensions>cpp;c;cc;cxx;c++;cppm;ixx;def;odl;idl;hpj;bat;asm;asmx</Extensions>
    </Filter>
    <Filter Include="Header Files">
      <UniqueIdentifier>{93995380-89BD-4b04-88EB-625FBE52EBFB}</UniqueIdentifier>
      <Extensions>h;hh;hpp;hxx;h++;hm;inl;inc;ipp;xsd</Extensions>
    </Filter>
    <Filter Include="Resource Files">
      <UniqueIdentifier>{67DA6AB6-F800-4c08-8B7A-83BB121AAD01}</UniqueIdentifier>
      <Extensions>rc;ico;cur;bmp;dlg;rc2;rct;bin;rgs;gif;jpg;jpeg;jpe;resx;tiff;tif;png;wav;mfcribbon-ms</Extensions>
    </Filter>
    <Filter Include="Header Files\Do Not Include">
      <UniqueIdentifier>{719788f0-9023-4516-99fd-c89cf8826025}</UniqueIdentifier>
    </Filter>
    <Filter Include="Header Files\Include">
      <UniqueIdentifier>{152ee039-98fc-4f46-829f-5e6ae65c78ce}</UniqueIdentifier>
    </Filter>
    <Filter Include="Source Files\Do Not Include">
      <UniqueIdentifier>{35f01f72-e867-46e0-b110-41a006c6d3d1}</UniqueIdentifier>
    </Filter>
    <Filter Include="Source Files\Include">
      <UniqueIdentifier>{6fc817f9-48a7-4795-b30d-d1aaee4457bd}</UniqueIdentifier>
    </Filter>
    <Filter Include="Header Files\Do Not Include\Common">
      <UniqueIdentifier>{75a36a46-6c75-46f8-b291-eec0f5eb3843}</UniqueIdentifier>
    </Filter>
    <Filter Include="Header Files\Include\Common">
      <UniqueIdentifier>{46da4875-3050-4ba4-b53b-70e949452e9e}</UniqueIdentifier>
    </Filter>
    <Filter Include="Header Files\Do Not Include\Main">
      <UniqueIdentifier>{32eb935f-f2be-44b9-b348-435e3a3a1a0f}</UniqueIdentifier>
    </Filter>
    <Filter Include="Header Files\Include\Main">
      <UniqueIdentifier>{1c261181-ba99-4856-b0c7-fa1a43056a51}</UniqueIdentifier>
    </Filter>
    <Filter Include="Source Files\Do Not Include\Common">
      <UniqueIdentifier>{45dabc3a-c854-4bf1-a77f-0b85bb65abf9}</UniqueIdentifier>
    </Filter>
    <Filter Include="Source Files\Do Not Include\Main">
      <UniqueIdentifier>{b98b35a5-872a-4599-9853-bbd4c7502feb}</UniqueIdentifier>
    </Filter>
    <Filter Include="Source Files\Include\Common">
      <UniqueIdentifier>{1234ceb6-fee4-49d1-978b-d268ee712854}</UniqueIdentifier>
    </Filter>
    <Filter Include="Source Files\Include\Main">
      <UniqueIdentifier>{4025cc71-dbf8-443e-be4b-6f24908fafc7}</UniqueIdentifier>
    </Filter>
  </ItemGroup>
  <ItemGroup>
    <ClInclude Include="DoNotInclude\DNIData\Common\CommonDNIframework.h">
      <Filter>Header Files\Do Not Include\Common</Filter>
    </ClInclude>
    <ClInclude Include="DoNotInclude\DNIData\Common\CommonDNIpch.h">
      <Filter>Header Files\Do Not Include\Common</Filter>
    </ClInclude>
    <ClInclude Include="DoNotInclude\ICode\Common\CommonIframework.h">
      <Filter>Header Files\Include\Common</Filter>
    </ClInclude>
    <ClInclude Include="DoNotInclude\ICode\Common\CommonIpch.h">
      <Filter>Header Files\Include\Common</Filter>
    </ClInclude>
    <ClInclude Include="Include\Main\Main.h">
      <Filter>Header Files\Include\Main</Filter>
    </ClInclude>
    <ClInclude Include="Include\Main\MainDef.h">
      <Filter>Header Files\Include\Main</Filter>
    </ClInclude>
    <ClInclude Include="DoNotInclude\DNIData\Main\MainDNIframework.h">
      <Filter>Header Files\Do Not Include\Main</Filter>
    </ClInclude>
    <ClInclude Include="DoNotInclude\DNIData\Main\MainDNIpch.h">
      <Filter>Header Files\Do Not Include\Main</Filter>
    </ClInclude>
    <ClInclude Include="DoNotInclude\ICode\Main\MainIframework.h">
      <Filter>Header Files\Include\Main</Filter>
    </ClInclude>
    <ClInclude Include="Include\Main\MainInitializationData.h">
      <Filter>Header Files\Include\Main</Filter>
    </ClInclude>
    <ClInclude Include="DoNotInclude\ICode\Main\MainIpch.h">
      <Filter>Header Files\Include\Main</Filter>
    </ClInclude>
    <ClInclude Include="DoNotInclude\DNIData\Main\MainInternal.h">
      <Filter>Header Files\Do Not Include\Main</Filter>
    </ClInclude>
    <ClInclude Include="DoNotInclude\DNIData\Common\VersionDataInternal.h">
      <Filter>Header Files\Do Not Include\Common</Filter>
    </ClInclude>
    <ClInclude Include="DoNotInclude\DNIData\Common\NamespaceAliasesInternal.h">
      <Filter>Header Files\Do Not Include\Common</Filter>
    </ClInclude>
    <ClInclude Include="Include\Common\VersionData.h">
      <Filter>Header Files\Include\Common</Filter>
    </ClInclude>
    <ClInclude Include="Include\Common\EngineVersion.h">
      <Filter>Header Files\Include\Common</Filter>
    </ClInclude>
    <ClInclude Include="DoNotInclude\DNIData\Main\RenderDataInternal.h">
      <Filter>Header Files\Do Not Include\Main</Filter>
    </ClInclude>
    <ClInclude Include="Include\Common\DeviceData.h">
      <Filter>Header Files\Include\Common</Filter>
    </ClInclude>
    <ClInclude Include="Include\Main\DeviceSettings.h">
      <Filter>Header Files\Include\Main</Filter>
    </ClInclude>
    <ClInclude Include="DoNotInclude\DNIData\Main\DeviceSettingsInternal.h">
      <Filter>Header Files\Do Not Include\Main</Filter>
    </ClInclude>
    <ClInclude Include="DoNotInclude\DNIData\Main\PipelineCacheHeaders.h">
      <Filter>Header Files\Do Not Include\Main</Filter>
    </ClInclude>
    <ClInclude Include="Include\Main\AspectRatio.h">
      <Filter>Header Files\Include\Main</Filter>
    </ClInclude>
    <ClInclude Include="Include\Main\AspectRatioDef.h">
      <Filter>Header Files\Include\Main</Filter>
    </ClInclude>
    <ClInclude Include="Include\Main\WindowInitializationData.h">
      <Filter>Header Files\Include\Main</Filter>
    </ClInclude>
    <ClInclude Include="DoNotInclude\DNIData\Main\WindowDataInternal.h">
      <Filter>Header Files\Do Not Include\Main</Filter>
    </ClInclude>
    <ClInclude Include="DoNotInclude\DNIData\Main\InputDataListInternal.h">
      <Filter>Header Files\Do Not Include\Main</Filter>
    </ClInclude>
    <ClInclude Include="Include\Main\KeyPressData.h">
      <Filter>Header Files\Include\Main</Filter>
    </ClInclude>
    <ClInclude Include="Include\Main\InputDataList.h">
      <Filter>Header Files\Include\Main</Filter>
    </ClInclude>
    <ClInclude Include="Include\Main\SpecialKeysDataList.h">
      <Filter>Header Files\Include\Main</Filter>
    </ClInclude>
    <ClInclude Include="Include\Main\TextureDataMain.h">
      <Filter>Header Files\Include\Main</Filter>
    </ClInclude>
    <ClInclude Include="DoNotInclude\DNIData\Main\TextureDataMainInternal.h">
      <Filter>Header Files\Do Not Include\Main</Filter>
    </ClInclude>
    <ClInclude Include="Include\Common\TextureArraySize.h">
      <Filter>Header Files\Include\Common</Filter>
    </ClInclude>
    <ClInclude Include="Include\Common\TextureReferenceData.h">
      <Filter>Header Files\Include\Common</Filter>
    </ClInclude>
    <ClInclude Include="Include\Common\TextureFormat.h">
      <Filter>Header Files\Include\Common</Filter>
    </ClInclude>
    <ClInclude Include="Include\Common\TextureFormatDef.h">
      <Filter>Header Files\Include\Common</Filter>
    </ClInclude>
    <ClInclude Include="DoNotInclude\DNIData\Main\TextureDataFrameInternal.h">
      <Filter>Header Files\Do Not Include\Main</Filter>
    </ClInclude>
    <ClInclude Include="DoNotInclude\DNIData\Main\VertexDataMainInternal.h">
      <Filter>Header Files</Filter>
    </ClInclude>
    <ClInclude Include="Include\Main\VertexDataMain.h">
      <Filter>Header Files</Filter>
    </ClInclude>
  </ItemGroup>
  <ItemGroup>
    <ClCompile Include="DoNotInclude\DNIData\Common\CommonDNIpch.cpp">
      <Filter>Source Files\Do Not Include\Common</Filter>
    </ClCompile>
    <ClCompile Include="DoNotInclude\ICode\Common\CommonIpch.cpp">
      <Filter>Source Files\Include\Common</Filter>
    </ClCompile>
    <ClCompile Include="DoNotInclude\DNIData\Main\MainDNIpch.cpp">
      <Filter>Source Files\Do Not Include\Main</Filter>
    </ClCompile>
    <ClCompile Include="DoNotInclude\ICode\Main\MainIpch.cpp">
      <Filter>Source Files\Include\Main</Filter>
    </ClCompile>
    <ClCompile Include="DoNotInclude\DNIData\Common\VersionDataInternal.cpp">
      <Filter>Source Files\Do Not Include\Common</Filter>
    </ClCompile>
    <ClCompile Include="DoNotInclude\ICode\Main\Main.cpp">
      <Filter>Source Files\Include\Main</Filter>
    </ClCompile>
    <ClCompile Include="DoNotInclude\ICode\Main\MainInitializationData.cpp">
      <Filter>Source Files\Include\Main</Filter>
    </ClCompile>
    <ClCompile Include="DoNotInclude\ICode\Common\DeviceData.cpp">
      <Filter>Source Files\Include\Common</Filter>
    </ClCompile>
    <ClCompile Include="DoNotInclude\ICode\Common\VersionData.cpp">
      <Filter>Source Files\Include\Common</Filter>
    </ClCompile>
    <ClCompile Include="DoNotInclude\ICode\Main\DeviceSettings.cpp">
      <Filter>Source Files\Include\Main</Filter>
    </ClCompile>
    <ClCompile Include="DoNotInclude\DNIData\Main\MainInternal.cpp">
      <Filter>Source Files\Do Not Include\Main</Filter>
    </ClCompile>
    <ClCompile Include="DoNotInclude\DNIData\Main\RenderDataInternal.cpp">
      <Filter>Source Files\Do Not Include\Main</Filter>
    </ClCompile>
    <ClCompile Include="DoNotInclude\DNIData\Main\DeviceSettingsInternal.cpp">
      <Filter>Source Files\Do Not Include\Main</Filter>
    </ClCompile>
    <ClCompile Include="DoNotInclude\DNIData\Main\PipelineCacheHeaders.cpp">
      <Filter>Source Files\Do Not Include\Main</Filter>
    </ClCompile>
    <ClCompile Include="DoNotInclude\ICode\Main\WindowInitializationData.cpp">
      <Filter>Source Files\Include\Main</Filter>
    </ClCompile>
    <ClCompile Include="DoNotInclude\ICode\Main\InputDataList.cpp">
      <Filter>Source Files\Include\Main</Filter>
    </ClCompile>
    <ClCompile Include="DoNotInclude\DNIData\Main\InputDataListInternal.cpp">
      <Filter>Source Files\Do Not Include\Main</Filter>
    </ClCompile>
    <ClCompile Include="DoNotInclude\DNIData\Main\WindowDataInternal.cpp">
      <Filter>Source Files\Do Not Include\Main</Filter>
    </ClCompile>
    <ClCompile Include="DoNotInclude\ICode\Main\KeyPressData.cpp">
      <Filter>Source Files\Include\Main</Filter>
    </ClCompile>
    <ClCompile Include="DoNotInclude\ICode\Main\SpecialKeysDataList.cpp">
      <Filter>Source Files\Include\Main</Filter>
    </ClCompile>
    <ClCompile Include="DoNotInclude\ICode\Main\TextureDataMain.cpp">
      <Filter>Source Files\Include\Main</Filter>
    </ClCompile>
    <ClCompile Include="DoNotInclude\DNIData\Main\TextureDataMainInternal.cpp">
      <Filter>Source Files\Do Not Include\Main</Filter>
    </ClCompile>
    <ClCompile Include="DoNotInclude\ICode\Common\TextureReferenceData.cpp">
      <Filter>Source Files\Include\Common</Filter>
    </ClCompile>
    <ClCompile Include="DoNotInclude\DNIData\Main\TextureDataFrameInternal.cpp">
      <Filter>Source Files\Do Not Include\Main</Filter>
    </ClCompile>
    <ClCompile Include="DoNotInclude\DNIData\Main\VertexDataMainInternal.cpp">
      <Filter>Source Files</Filter>
    </ClCompile>
    <ClCompile Include="DoNotInclude\ICode\Main\VertexDataMain.cpp">
      <Filter>Source Files</Filter>
    </ClCompile>
  </ItemGroup>
</Project>