<?xml version="1.0" encoding="utf-8"?>
<Project ToolsVersion="4.0" xmlns="http://schemas.microsoft.com/developer/msbuild/2003">
  <ItemGroup>
    <Filter Include="Source Files">
      <UniqueIdentifier>{4FC737F1-C7A5-4376-A066-2A32D752A2FF}</UniqueIdentifier>
      <Extensions>cpp;c;cc;cxx;c++;cppm;ixx;def;odl;idl;hpj;bat;asm;asmx</Extensions>
    </Filter>
    <Filter Include="Header Files">
      <UniqueIdentifier>{93995380-89BD-4b04-88EB-625FBE52EBFB}</UniqueIdentifier>
      <Extensions>h;hh;hpp;hxx;h++;hm;inl;inc;ipp;xsd</Extensions>
    </Filter>
    <Filter Include="Resource Files">
      <UniqueIdentifier>{67DA6AB6-F800-4c08-8B7A-83BB121AAD01}</UniqueIdentifier>
      <Extensions>rc;ico;cur;bmp;dlg;rc2;rct;bin;rgs;gif;jpg;jpeg;jpe;resx;tiff;tif;png;wav;mfcribbon-ms</Extensions>
    </Filter>
    <Filter Include="Header Files\Do Not Include">
      <UniqueIdentifier>{719788f0-9023-4516-99fd-c89cf8826025}</UniqueIdentifier>
    </Filter>
    <Filter Include="Header Files\Include">
      <UniqueIdentifier>{152ee039-98fc-4f46-829f-5e6ae65c78ce}</UniqueIdentifier>
    </Filter>
    <Filter Include="Source Files\Do Not Include">
      <UniqueIdentifier>{35f01f72-e867-46e0-b110-41a006c6d3d1}</UniqueIdentifier>
    </Filter>
    <Filter Include="Source Files\Include">
      <UniqueIdentifier>{6fc817f9-48a7-4795-b30d-d1aaee4457bd}</UniqueIdentifier>
    </Filter>
    <Filter Include="Header Files\Do Not Include\Common">
      <UniqueIdentifier>{75a36a46-6c75-46f8-b291-eec0f5eb3843}</UniqueIdentifier>
    </Filter>
    <Filter Include="Header Files\Include\Common">
      <UniqueIdentifier>{46da4875-3050-4ba4-b53b-70e949452e9e}</UniqueIdentifier>
    </Filter>
    <Filter Include="Header Files\Do Not Include\Main">
      <UniqueIdentifier>{32eb935f-f2be-44b9-b348-435e3a3a1a0f}</UniqueIdentifier>
    </Filter>
    <Filter Include="Header Files\Include\Main">
      <UniqueIdentifier>{1c261181-ba99-4856-b0c7-fa1a43056a51}</UniqueIdentifier>
    </Filter>
    <Filter Include="Source Files\Do Not Include\Common">
      <UniqueIdentifier>{45dabc3a-c854-4bf1-a77f-0b85bb65abf9}</UniqueIdentifier>
    </Filter>
    <Filter Include="Source Files\Do Not Include\Main">
      <UniqueIdentifier>{b98b35a5-872a-4599-9853-bbd4c7502feb}</UniqueIdentifier>
    </Filter>
    <Filter Include="Source Files\Include\Common">
      <UniqueIdentifier>{1234ceb6-fee4-49d1-978b-d268ee712854}</UniqueIdentifier>
    </Filter>
    <Filter Include="Source Files\Include\Main">
      <UniqueIdentifier>{4025cc71-dbf8-443e-be4b-6f24908fafc7}</UniqueIdentifier>
    </Filter>
    <Filter Include="Header Files\Do Not Include\Main\VertexData">
      <UniqueIdentifier>{e0e6fe3f-9931-43d2-857c-6a3e3ca77e4f}</UniqueIdentifier>
    </Filter>
    <Filter Include="Header Files\Do Not Include\Main\VertexData\Layers">
      <UniqueIdentifier>{5a3de8a0-457a-4c0c-94aa-479882e3e963}</UniqueIdentifier>
    </Filter>
    <Filter Include="Header Files\Do Not Include\Main\VertexData\Layers\World">
      <UniqueIdentifier>{d8e1efcf-3e8b-4f9d-828f-2e4c934e664a}</UniqueIdentifier>
    </Filter>
    <Filter Include="Header Files\Do Not Include\Main\VertexData\Layers\UI">
      <UniqueIdentifier>{14f872ba-ab45-4b74-9015-88a2342827e8}</UniqueIdentifier>
    </Filter>
    <Filter Include="Header Files\Do Not Include\Main\Textures">
      <UniqueIdentifier>{054b811d-21a2-499b-8efa-d4e31201cb2a}</UniqueIdentifier>
    </Filter>
    <Filter Include="Header Files\Do Not Include\Main\OtherData">
      <UniqueIdentifier>{ca39c2e8-85ff-40fb-ab6f-57a2ea8b6215}</UniqueIdentifier>
    </Filter>
    <Filter Include="Header Files\Include\Main\VertexData">
      <UniqueIdentifier>{223e476e-ae58-4573-8df6-773e78f4eb85}</UniqueIdentifier>
    </Filter>
    <Filter Include="Header Files\Include\Main\VertexData\Layers">
      <UniqueIdentifier>{7fbad284-aebf-4510-a952-7aaeb24214ac}</UniqueIdentifier>
    </Filter>
    <Filter Include="Header Files\Include\Main\VertexData\Layers\UI">
      <UniqueIdentifier>{3aa1023d-31b8-487e-bb04-4acd0e40805a}</UniqueIdentifier>
    </Filter>
    <Filter Include="Header Files\Include\Main\VertexData\Layers\World">
      <UniqueIdentifier>{6892ef07-d2ed-4592-8013-273a33fd3859}</UniqueIdentifier>
    </Filter>
    <Filter Include="Header Files\Include\Main\OtherData">
      <UniqueIdentifier>{a0be7530-fcf0-4b95-ad81-a09df6618dc8}</UniqueIdentifier>
    </Filter>
    <Filter Include="Header Files\Include\Common\Textures">
      <UniqueIdentifier>{acf8ab24-1684-43ca-b810-b71536370b03}</UniqueIdentifier>
    </Filter>
    <Filter Include="Header Files\Include\Common\OtherData">
      <UniqueIdentifier>{477375c9-eed8-4948-a711-d1953d364d77}</UniqueIdentifier>
    </Filter>
    <Filter Include="Header Files\Do Not Include\Common\OtherData">
      <UniqueIdentifier>{4cca11b9-1335-4643-a02a-04401aac8a77}</UniqueIdentifier>
    </Filter>
    <Filter Include="Source Files\Do Not Include\Common\OtherData">
      <UniqueIdentifier>{6a794296-7c4b-4e91-9836-0cc2c1857fa3}</UniqueIdentifier>
    </Filter>
    <Filter Include="Source Files\Do Not Include\Main\VertexData">
      <UniqueIdentifier>{7ac7a57d-e730-48ef-addb-1d064c91647d}</UniqueIdentifier>
    </Filter>
    <Filter Include="Source Files\Do Not Include\Main\VertexData\Layers">
      <UniqueIdentifier>{70247892-3bb0-4b67-a3d2-bd84cccbe6e0}</UniqueIdentifier>
    </Filter>
    <Filter Include="Source Files\Do Not Include\Main\VertexData\Layers\World">
      <UniqueIdentifier>{0b4bc8d8-f215-4143-aa47-5d03aa40c318}</UniqueIdentifier>
    </Filter>
    <Filter Include="Source Files\Do Not Include\Main\VertexData\Layers\UI">
      <UniqueIdentifier>{ef6fa183-b856-42b1-8e15-216808f910cb}</UniqueIdentifier>
    </Filter>
    <Filter Include="Source Files\Do Not Include\Main\Textures">
      <UniqueIdentifier>{9b0552ac-1360-4308-8ed5-8f5c8e39ac78}</UniqueIdentifier>
    </Filter>
    <Filter Include="Source Files\Do Not Include\Main\OtherData">
      <UniqueIdentifier>{60609b87-b96c-4d76-9225-c6e70d77dd4b}</UniqueIdentifier>
    </Filter>
    <Filter Include="Source Files\Include\Common\OtherData">
      <UniqueIdentifier>{025b421c-0fe0-424c-9819-6048b30d5239}</UniqueIdentifier>
    </Filter>
    <Filter Include="Source Files\Include\Common\Textures">
      <UniqueIdentifier>{5e968fd7-7e91-4470-82e5-b725fde6cfc8}</UniqueIdentifier>
    </Filter>
    <Filter Include="Source Files\Include\Main\OtherData">
      <UniqueIdentifier>{2ea329cf-1e39-49cf-a60b-5c89745e3776}</UniqueIdentifier>
    </Filter>
    <Filter Include="Source Files\Include\Main\VertexData">
      <UniqueIdentifier>{fffbe937-133a-4819-a1c4-bef383516b43}</UniqueIdentifier>
    </Filter>
    <Filter Include="Header Files\Include\Main\VertexData\Layers\Background">
      <UniqueIdentifier>{ac73d6b2-a842-40f8-b473-caf6f5f27bb4}</UniqueIdentifier>
    </Filter>
    <Filter Include="Header Files\Do Not Include\Main\VertexData\Layers\Background">
      <UniqueIdentifier>{73296b61-0cae-428a-a8a6-c5b8bb0f1087}</UniqueIdentifier>
    </Filter>
    <Filter Include="Source Files\Do Not Include\Main\VertexData\Layers\Background">
      <UniqueIdentifier>{15a88f54-caf6-4874-b34b-febd5fbf4ce4}</UniqueIdentifier>
    </Filter>
    <Filter Include="Source Files\Include\Main\VertexData\Layers">
      <UniqueIdentifier>{6e71db12-69fc-4532-bd75-3e6dc265ce77}</UniqueIdentifier>
    </Filter>
    <Filter Include="Source Files\Include\Main\VertexData\Layers\UI">
      <UniqueIdentifier>{430c0919-a0ba-4dfa-9e10-a2b2116d0913}</UniqueIdentifier>
    </Filter>
    <Filter Include="Source Files\Include\Main\VertexData\Layers\World">
      <UniqueIdentifier>{761953b2-0056-4670-9f21-431113d33d06}</UniqueIdentifier>
    </Filter>
    <Filter Include="Source Files\Include\Main\VertexData\Layers\Background">
      <UniqueIdentifier>{930411a3-dee4-4987-8e19-0d8bcff787d1}</UniqueIdentifier>
    </Filter>
  </ItemGroup>
  <ItemGroup>
    <ClInclude Include="DoNotInclude\DNIData\Common\CommonDNIframework.h">
      <Filter>Header Files\Do Not Include\Common</Filter>
    </ClInclude>
    <ClInclude Include="DoNotInclude\DNIData\Common\CommonDNIpch.h">
      <Filter>Header Files\Do Not Include\Common</Filter>
    </ClInclude>
    <ClInclude Include="DoNotInclude\ICode\Common\CommonIframework.h">
      <Filter>Header Files\Include\Common</Filter>
    </ClInclude>
    <ClInclude Include="DoNotInclude\ICode\Common\CommonIpch.h">
      <Filter>Header Files\Include\Common</Filter>
    </ClInclude>
    <ClInclude Include="DoNotInclude\DNIData\Main\MainDNIframework.h">
      <Filter>Header Files\Do Not Include\Main</Filter>
    </ClInclude>
    <ClInclude Include="DoNotInclude\DNIData\Main\MainDNIpch.h">
      <Filter>Header Files\Do Not Include\Main</Filter>
    </ClInclude>
    <ClInclude Include="DoNotInclude\ICode\Main\MainIframework.h">
      <Filter>Header Files\Include\Main</Filter>
    </ClInclude>
    <ClInclude Include="DoNotInclude\ICode\Main\MainIpch.h">
      <Filter>Header Files\Include\Main</Filter>
    </ClInclude>
    <ClInclude Include="DoNotInclude\DNIData\Main\WorldLayerObjectBufferData.h">
      <Filter>Header Files\Do Not Include\Main\VertexData\Layers\World</Filter>
    </ClInclude>
    <ClInclude Include="DoNotInclude\DNIData\Main\WorldLayerObjectDataInternal.h">
      <Filter>Header Files\Do Not Include\Main\VertexData\Layers\World</Filter>
    </ClInclude>
    <ClInclude Include="DoNotInclude\DNIData\Main\WorldLayerVertexDataLayerVersionInternal.h">
      <Filter>Header Files\Do Not Include\Main\VertexData\Layers\World</Filter>
    </ClInclude>
    <ClInclude Include="DoNotInclude\DNIData\Main\WorldLayerVertexDataLayerVersionListInternal.h">
      <Filter>Header Files\Do Not Include\Main\VertexData\Layers\World</Filter>
    </ClInclude>
    <ClInclude Include="DoNotInclude\DNIData\Main\UiObjectBufferData.h">
      <Filter>Header Files\Do Not Include\Main\VertexData\Layers\UI</Filter>
    </ClInclude>
    <ClInclude Include="DoNotInclude\DNIData\Main\UiObjectDataInternal.h">
      <Filter>Header Files\Do Not Include\Main\VertexData\Layers\UI</Filter>
    </ClInclude>
    <ClInclude Include="DoNotInclude\DNIData\Main\UiVertexDataLayerVersionInternal.h">
      <Filter>Header Files\Do Not Include\Main\VertexData\Layers\UI</Filter>
    </ClInclude>
    <ClInclude Include="DoNotInclude\DNIData\Main\UiVertexDataLayerVersionListInternal.h">
      <Filter>Header Files\Do Not Include\Main\VertexData\Layers\UI</Filter>
    </ClInclude>
    <ClInclude Include="DoNotInclude\DNIData\Main\VertexTransferFrameData.h">
      <Filter>Header Files\Do Not Include\Main\VertexData</Filter>
    </ClInclude>
    <ClInclude Include="DoNotInclude\DNIData\Main\VertexDataMainInternal.h">
      <Filter>Header Files\Do Not Include\Main\VertexData</Filter>
    </ClInclude>
    <ClInclude Include="DoNotInclude\DNIData\Main\CameraData.h">
      <Filter>Header Files\Do Not Include\Main\VertexData</Filter>
    </ClInclude>
    <ClInclude Include="DoNotInclude\DNIData\Main\TextureDataFrameInternal.h">
      <Filter>Header Files\Do Not Include\Main\Textures</Filter>
    </ClInclude>
    <ClInclude Include="DoNotInclude\DNIData\Main\TextureDataMainInternal.h">
      <Filter>Header Files\Do Not Include\Main\Textures</Filter>
    </ClInclude>
    <ClInclude Include="DoNotInclude\DNIData\Main\TextureTransferOrderInternal.h">
      <Filter>Header Files\Do Not Include\Main\Textures</Filter>
    </ClInclude>
    <ClInclude Include="DoNotInclude\DNIData\Main\DeviceSettingsInternal.h">
      <Filter>Header Files\Do Not Include\Main\OtherData</Filter>
    </ClInclude>
    <ClInclude Include="DoNotInclude\DNIData\Main\InputDataListInternal.h">
      <Filter>Header Files\Do Not Include\Main\OtherData</Filter>
    </ClInclude>
    <ClInclude Include="DoNotInclude\DNIData\Main\PipelineCacheHeaders.h">
      <Filter>Header Files\Do Not Include\Main\OtherData</Filter>
    </ClInclude>
    <ClInclude Include="DoNotInclude\DNIData\Main\MainInternal.h">
      <Filter>Header Files\Do Not Include\Main\OtherData</Filter>
    </ClInclude>
    <ClInclude Include="DoNotInclude\DNIData\Main\RenderDataInternal.h">
      <Filter>Header Files\Do Not Include\Main\OtherData</Filter>
    </ClInclude>
    <ClInclude Include="DoNotInclude\DNIData\Main\WindowDataInternal.h">
      <Filter>Header Files\Do Not Include\Main\OtherData</Filter>
    </ClInclude>
    <ClInclude Include="Include\Main\UiObjectData.h">
      <Filter>Header Files\Include\Main\VertexData\Layers\UI</Filter>
    </ClInclude>
    <ClInclude Include="Include\Main\UiVertexDataLayerVersion.h">
      <Filter>Header Files\Include\Main\VertexData\Layers\UI</Filter>
    </ClInclude>
    <ClInclude Include="Include\Main\UiVertexDataLayerVersionList.h">
      <Filter>Header Files\Include\Main\VertexData\Layers\UI</Filter>
    </ClInclude>
    <ClInclude Include="Include\Main\WorldLayerObjectData.h">
      <Filter>Header Files\Include\Main\VertexData\Layers\World</Filter>
    </ClInclude>
    <ClInclude Include="Include\Main\WorldLayerVertexDataLayerVersion.h">
      <Filter>Header Files\Include\Main\VertexData\Layers\World</Filter>
    </ClInclude>
    <ClInclude Include="Include\Main\WorldLayerVertexDataLayerVersionList.h">
      <Filter>Header Files\Include\Main\VertexData\Layers\World</Filter>
    </ClInclude>
    <ClInclude Include="Include\Main\NormalizedValuesList.h">
      <Filter>Header Files\Include\Main\VertexData\Layers</Filter>
    </ClInclude>
    <ClInclude Include="DoNotInclude\DNIData\Common\MaxDepthValue.h">
      <Filter>Header Files\Do Not Include\Main\VertexData\Layers</Filter>
    </ClInclude>
    <ClInclude Include="Include\Main\VertexDataMainDef.h">
      <Filter>Header Files\Include\Main\VertexData</Filter>
    </ClInclude>
    <ClInclude Include="Include\Main\VertexDataMain.h">
      <Filter>Header Files\Include\Main\VertexData</Filter>
    </ClInclude>
    <ClInclude Include="Include\Main\VertexLayerOrderID.h">
      <Filter>Header Files\Include\Main\VertexData</Filter>
    </ClInclude>
    <ClInclude Include="Include\Main\AspectRatio.h">
      <Filter>Header Files\Include\Main\OtherData</Filter>
    </ClInclude>
    <ClInclude Include="Include\Main\AspectRatioDef.h">
      <Filter>Header Files\Include\Main\OtherData</Filter>
    </ClInclude>
    <ClInclude Include="Include\Main\DeviceSettings.h">
      <Filter>Header Files\Include\Main\OtherData</Filter>
    </ClInclude>
    <ClInclude Include="Include\Main\InputDataList.h">
      <Filter>Header Files\Include\Main\OtherData</Filter>
    </ClInclude>
    <ClInclude Include="Include\Main\Main.h">
      <Filter>Header Files\Include\Main\OtherData</Filter>
    </ClInclude>
    <ClInclude Include="Include\Main\MainDef.h">
      <Filter>Header Files\Include\Main\OtherData</Filter>
    </ClInclude>
    <ClInclude Include="Include\Main\MainInitializationData.h">
      <Filter>Header Files\Include\Main\OtherData</Filter>
    </ClInclude>
    <ClInclude Include="Include\Main\WindowInitializationData.h">
      <Filter>Header Files\Include\Main\OtherData</Filter>
    </ClInclude>
    <ClInclude Include="Include\Common\TextureArraySize.h">
      <Filter>Header Files\Include\Common\Textures</Filter>
    </ClInclude>
    <ClInclude Include="Include\Common\TextureFormat.h">
      <Filter>Header Files\Include\Common\Textures</Filter>
    </ClInclude>
    <ClInclude Include="Include\Common\TextureFormatDef.h">
      <Filter>Header Files\Include\Common\Textures</Filter>
    </ClInclude>
    <ClInclude Include="Include\Common\TextureReferenceData.h">
      <Filter>Header Files\Include\Common\Textures</Filter>
    </ClInclude>
    <ClInclude Include="Include\Common\DeviceData.h">
      <Filter>Header Files\Include\Common\OtherData</Filter>
    </ClInclude>
    <ClInclude Include="Include\Common\EngineVersion.h">
      <Filter>Header Files\Include\Common\OtherData</Filter>
    </ClInclude>
    <ClInclude Include="Include\Common\VersionData.h">
      <Filter>Header Files\Include\Common\OtherData</Filter>
    </ClInclude>
    <ClInclude Include="DoNotInclude\DNIData\Common\NamespaceAliasesInternal.h">
      <Filter>Header Files\Do Not Include\Common\OtherData</Filter>
    </ClInclude>
    <ClInclude Include="DoNotInclude\DNIData\Common\VersionDataInternal.h">
      <Filter>Header Files\Do Not Include\Common\OtherData</Filter>
    </ClInclude>
    <ClInclude Include="Include\Main\BackgroundObjectData.h">
      <Filter>Header Files\Include\Main\VertexData\Layers\Background</Filter>
    </ClInclude>
    <ClInclude Include="DoNotInclude\DNIData\Main\BackgroundObjectBufferData.h">
      <Filter>Header Files\Do Not Include\Main\VertexData\Layers\Background</Filter>
    </ClInclude>
    <ClInclude Include="DoNotInclude\DNIData\Main\BackgroundObjectDataInternal.h">
      <Filter>Header Files\Do Not Include\Main\VertexData\Layers\Background</Filter>
    </ClInclude>
    <ClInclude Include="Include\Main\BackgroundVertexDataLayerVersionList.h">
      <Filter>Header Files\Include\Main\VertexData\Layers\Background</Filter>
    </ClInclude>
    <ClInclude Include="DoNotInclude\DNIData\Main\BackgroundVertexDataLayerVersionInternal.h">
      <Filter>Header Files\Do Not Include\Main\VertexData\Layers\Background</Filter>
    </ClInclude>
    <ClInclude Include="DoNotInclude\DNIData\Main\BackgroundVertexDataLayerVersionListInternal.h">
      <Filter>Header Files\Do Not Include\Main\VertexData\Layers\Background</Filter>
    </ClInclude>
    <ClInclude Include="Include\Main\InputEvent.h">
      <Filter>Header Files\Include\Main\OtherData</Filter>
    </ClInclude>
  </ItemGroup>
  <ItemGroup>
    <ClCompile Include="DoNotInclude\DNIData\Common\CommonDNIpch.cpp">
      <Filter>Source Files\Do Not Include\Common</Filter>
    </ClCompile>
    <ClCompile Include="DoNotInclude\ICode\Common\CommonIpch.cpp">
      <Filter>Source Files\Include\Common</Filter>
    </ClCompile>
    <ClCompile Include="DoNotInclude\DNIData\Main\MainDNIpch.cpp">
      <Filter>Source Files\Do Not Include\Main</Filter>
    </ClCompile>
    <ClCompile Include="DoNotInclude\ICode\Main\MainIpch.cpp">
      <Filter>Source Files\Include\Main</Filter>
    </ClCompile>
    <ClCompile Include="DoNotInclude\DNIData\Common\VersionDataInternal.cpp">
      <Filter>Source Files\Do Not Include\Common\OtherData</Filter>
    </ClCompile>
    <ClCompile Include="DoNotInclude\DNIData\Main\CameraData.cpp">
      <Filter>Source Files\Do Not Include\Main\VertexData</Filter>
    </ClCompile>
    <ClCompile Include="DoNotInclude\DNIData\Main\VertexDataMainInternal.cpp">
      <Filter>Source Files\Do Not Include\Main\VertexData</Filter>
    </ClCompile>
    <ClCompile Include="DoNotInclude\DNIData\Main\VertexTransferFrameData.cpp">
      <Filter>Source Files\Do Not Include\Main\VertexData</Filter>
    </ClCompile>
    <ClCompile Include="DoNotInclude\DNIData\Main\UiObjectBufferData.cpp">
      <Filter>Source Files\Do Not Include\Main\VertexData\Layers\UI</Filter>
    </ClCompile>
    <ClCompile Include="DoNotInclude\DNIData\Main\UiObjectDataInternal.cpp">
      <Filter>Source Files\Do Not Include\Main\VertexData\Layers\UI</Filter>
    </ClCompile>
    <ClCompile Include="DoNotInclude\DNIData\Main\UiVertexDataLayerVersionInternal.cpp">
      <Filter>Source Files\Do Not Include\Main\VertexData\Layers\UI</Filter>
    </ClCompile>
    <ClCompile Include="DoNotInclude\DNIData\Main\UiVertexDataLayerVersionListInternal.cpp">
      <Filter>Source Files\Do Not Include\Main\VertexData\Layers\UI</Filter>
    </ClCompile>
    <ClCompile Include="DoNotInclude\DNIData\Main\WorldLayerObjectBufferData.cpp">
      <Filter>Source Files\Do Not Include\Main\VertexData\Layers\World</Filter>
    </ClCompile>
    <ClCompile Include="DoNotInclude\DNIData\Main\WorldLayerObjectDataInternal.cpp">
      <Filter>Source Files\Do Not Include\Main\VertexData\Layers\World</Filter>
    </ClCompile>
    <ClCompile Include="DoNotInclude\DNIData\Main\WorldLayerVertexDataLayerVersionInternal.cpp">
      <Filter>Source Files\Do Not Include\Main\VertexData\Layers\World</Filter>
    </ClCompile>
    <ClCompile Include="DoNotInclude\DNIData\Main\WorldLayerVertexDataLayerVersionListInternal.cpp">
      <Filter>Source Files\Do Not Include\Main\VertexData\Layers\World</Filter>
    </ClCompile>
    <ClCompile Include="DoNotInclude\DNIData\Main\TextureDataFrameInternal.cpp">
      <Filter>Source Files\Do Not Include\Main\Textures</Filter>
    </ClCompile>
    <ClCompile Include="DoNotInclude\DNIData\Main\TextureDataMainInternal.cpp">
      <Filter>Source Files\Do Not Include\Main\Textures</Filter>
    </ClCompile>
    <ClCompile Include="DoNotInclude\DNIData\Main\TextureTransferOrderInternal.cpp">
      <Filter>Source Files\Do Not Include\Main\Textures</Filter>
    </ClCompile>
    <ClCompile Include="DoNotInclude\DNIData\Main\DeviceSettingsInternal.cpp">
      <Filter>Source Files\Do Not Include\Main\OtherData</Filter>
    </ClCompile>
    <ClCompile Include="DoNotInclude\DNIData\Main\InputDataListInternal.cpp">
      <Filter>Source Files\Do Not Include\Main\OtherData</Filter>
    </ClCompile>
    <ClCompile Include="DoNotInclude\DNIData\Main\MainInternal.cpp">
      <Filter>Source Files\Do Not Include\Main\OtherData</Filter>
    </ClCompile>
    <ClCompile Include="DoNotInclude\DNIData\Main\PipelineCacheHeaders.cpp">
      <Filter>Source Files\Do Not Include\Main\OtherData</Filter>
    </ClCompile>
    <ClCompile Include="DoNotInclude\DNIData\Main\RenderDataInternal.cpp">
      <Filter>Source Files\Do Not Include\Main\OtherData</Filter>
    </ClCompile>
    <ClCompile Include="DoNotInclude\DNIData\Main\WindowDataInternal.cpp">
      <Filter>Source Files\Do Not Include\Main\OtherData</Filter>
    </ClCompile>
    <ClCompile Include="DoNotInclude\ICode\Common\DeviceData.cpp">
      <Filter>Source Files\Include\Common\OtherData</Filter>
    </ClCompile>
    <ClCompile Include="DoNotInclude\ICode\Common\VersionData.cpp">
      <Filter>Source Files\Include\Common\OtherData</Filter>
    </ClCompile>
    <ClCompile Include="DoNotInclude\ICode\Common\TextureReferenceData.cpp">
      <Filter>Source Files\Include\Common\Textures</Filter>
    </ClCompile>
    <ClCompile Include="DoNotInclude\ICode\Main\DeviceSettings.cpp">
      <Filter>Source Files\Include\Main\OtherData</Filter>
    </ClCompile>
    <ClCompile Include="DoNotInclude\ICode\Main\InputDataList.cpp">
      <Filter>Source Files\Include\Main\OtherData</Filter>
    </ClCompile>
    <ClCompile Include="DoNotInclude\ICode\Main\Main.cpp">
      <Filter>Source Files\Include\Main\OtherData</Filter>
    </ClCompile>
    <ClCompile Include="DoNotInclude\ICode\Main\MainInitializationData.cpp">
      <Filter>Source Files\Include\Main\OtherData</Filter>
    </ClCompile>
    <ClCompile Include="DoNotInclude\ICode\Main\WindowInitializationData.cpp">
      <Filter>Source Files\Include\Main\OtherData</Filter>
    </ClCompile>
    <ClCompile Include="DoNotInclude\ICode\Main\VertexDataMain.cpp">
      <Filter>Source Files\Include\Main\VertexData</Filter>
    </ClCompile>
    <ClCompile Include="DoNotInclude\ICode\Main\VertexLayerOrderID.cpp">
      <Filter>Source Files\Include\Main\VertexData</Filter>
    </ClCompile>
    <ClCompile Include="DoNotInclude\ICode\Main\UiObjectData.cpp">
      <Filter>Source Files\Include\Main\VertexData\Layers\UI</Filter>
    </ClCompile>
    <ClCompile Include="DoNotInclude\ICode\Main\UiVertexDataLayerVersion.cpp">
      <Filter>Source Files\Include\Main\VertexData\Layers\UI</Filter>
    </ClCompile>
    <ClCompile Include="DoNotInclude\ICode\Main\UiVertexDataLayerVersionList.cpp">
      <Filter>Source Files\Include\Main\VertexData\Layers\UI</Filter>
    </ClCompile>
    <ClCompile Include="DoNotInclude\ICode\Main\WorldLayerObjectData.cpp">
      <Filter>Source Files\Include\Main\VertexData\Layers\World</Filter>
    </ClCompile>
    <ClCompile Include="DoNotInclude\ICode\Main\WorldLayerVertexDataLayerVersion.cpp">
      <Filter>Source Files\Include\Main\VertexData\Layers\World</Filter>
    </ClCompile>
    <ClCompile Include="DoNotInclude\ICode\Main\WorldLayerVertexDataLayerVersionList.cpp">
      <Filter>Source Files\Include\Main\VertexData\Layers\World</Filter>
    </ClCompile>
    <ClCompile Include="DoNotInclude\DNIData\Main\BackgroundObjectBufferData.cpp">
      <Filter>Source Files\Do Not Include\Main\VertexData\Layers\Background</Filter>
    </ClCompile>
    <ClCompile Include="DoNotInclude\DNIData\Main\BackgroundObjectDataInternal.cpp">
      <Filter>Source Files\Do Not Include\Main\VertexData\Layers\Background</Filter>
    </ClCompile>
    <ClCompile Include="DoNotInclude\ICode\Main\BackgroundObjectData.cpp">
      <Filter>Source Files\Include\Main\VertexData\Layers\Background</Filter>
    </ClCompile>
    <ClCompile Include="DoNotInclude\DNIData\Main\BackgroundVertexDataLayerVersionInternal.cpp">
      <Filter>Source Files\Do Not Include\Main\VertexData\Layers\Background</Filter>
    </ClCompile>
    <ClCompile Include="DoNotInclude\DNIData\Main\BackgroundVertexDataLayerVersionListInternal.cpp">
      <Filter>Source Files\Do Not Include\Main\VertexData\Layers\Background</Filter>
    </ClCompile>
    <ClCompile Include="DoNotInclude\ICode\Main\BackgroundVertexDataLayerVersionList.cpp">
      <Filter>Source Files\Include\Main\VertexData\Layers\Background</Filter>
    </ClCompile>
    <ClCompile Include="DoNotInclude\ICode\Main\InputEvent.cpp">
      <Filter>Source Files\Include\Main\OtherData</Filter>
    </ClCompile>
  </ItemGroup>
</Project>